
Microsoft Visual Studio Solution File, Format Version 12.00
# Visual Studio 15
VisualStudioVersion = 15.0.28010.2046
MinimumVisualStudioVersion = 10.0.40219.1
Project("{FAE04EC0-301F-11D3-BF4B-00C04F79EFBC}") = "SongBeamerEdit", "SongBeamerEdit\SongBeamerEdit.csproj", "{07BD33A3-7EE5-4A12-8989-697D2E64DBFC}"
EndProject
Project("{FAE04EC0-301F-11D3-BF4B-00C04F79EFBC}") = "SongBeamerEditUnitTests", "SongBeamerEditUnittests\SongBeamerEditUnitTests.csproj", "{39382C3F-AD59-4026-B8D0-982DA42B8A38}"
EndProject
Global
	GlobalSection(SolutionConfigurationPlatforms) = preSolution
		Debug|Any CPU = Debug|Any CPU
		Release|Any CPU = Release|Any CPU
	EndGlobalSection
	GlobalSection(ProjectConfigurationPlatforms) = postSolution
		{07BD33A3-7EE5-4A12-8989-697D2E64DBFC}.Debug|Any CPU.ActiveCfg = Debug|Any CPU
		{07BD33A3-7EE5-4A12-8989-697D2E64DBFC}.Debug|Any CPU.Build.0 = Debug|Any CPU
		{07BD33A3-7EE5-4A12-8989-697D2E64DBFC}.Release|Any CPU.ActiveCfg = Release|Any CPU
		{07BD33A3-7EE5-4A12-8989-697D2E64DBFC}.Release|Any CPU.Build.0 = Release|Any CPU
		{39382C3F-AD59-4026-B8D0-982DA42B8A38}.Debug|Any CPU.ActiveCfg = Debug|Any CPU
		{39382C3F-AD59-4026-B8D0-982DA42B8A38}.Debug|Any CPU.Build.0 = Debug|Any CPU
		{39382C3F-AD59-4026-B8D0-982DA42B8A38}.Release|Any CPU.ActiveCfg = Release|Any CPU
		{39382C3F-AD59-4026-B8D0-982DA42B8A38}.Release|Any CPU.Build.0 = Release|Any CPU
	EndGlobalSection
	GlobalSection(SolutionProperties) = preSolution
		HideSolutionNode = FALSE
	EndGlobalSection
	GlobalSection(ExtensibilityGlobals) = postSolution
		SolutionGuid = {28FB35B1-4042-44F3-BAC7-4867B9236385}
	EndGlobalSection
EndGlobal
